
Microsoft Visual Studio Solution File, Format Version 12.00
# Visual Studio Version 17
VisualStudioVersion = 17.11.35327.3
MinimumVisualStudioVersion = 10.0.40219.1
Project("{FAE04EC0-301F-11D3-BF4B-00C04F79EFBC}") = "TalkSpace", "TalkSpace\TalkSpace.csproj", "{67FE2506-A707-4E00-BF88-25A985DD8FBE}"
EndProject
Global
	GlobalSection(SolutionConfigurationPlatforms) = preSolution
		Debug|Any CPU = Debug|Any CPU
		Release|Any CPU = Release|Any CPU
	EndGlobalSection
	GlobalSection(ProjectConfigurationPlatforms) = postSolution
		{67FE2506-A707-4E00-BF88-25A985DD8FBE}.Debug|Any CPU.ActiveCfg = Debug|Any CPU
		{67FE2506-A707-4E00-BF88-25A985DD8FBE}.Debug|Any CPU.Build.0 = Debug|Any CPU
		{67FE2506-A707-4E00-BF88-25A985DD8FBE}.Debug|Any CPU.Deploy.0 = Debug|Any CPU
		{67FE2506-A707-4E00-BF88-25A985DD8FBE}.Release|Any CPU.ActiveCfg = Release|Any CPU
		{67FE2506-A707-4E00-BF88-25A985DD8FBE}.Release|Any CPU.Build.0 = Release|Any CPU
		{67FE2506-A707-4E00-BF88-25A985DD8FBE}.Release|Any CPU.Deploy.0 = Release|Any CPU
	EndGlobalSection
	GlobalSection(SolutionProperties) = preSolution
		HideSolutionNode = FALSE
	EndGlobalSection
	GlobalSection(ExtensibilityGlobals) = postSolution
		SolutionGuid = {82519E43-0653-4193-86FD-E6B5D54DA324}
	EndGlobalSection
EndGlobal
